
Microsoft Visual Studio Solution File, Format Version 12.00
# Visual Studio Version 17
VisualStudioVersion = 17.6.33815.320
MinimumVisualStudioVersion = 10.0.40219.1
Project("{9A19103F-16F7-4668-BE54-9A1E7A4F7556}") = "BlazorPeliculas.Server", "BlazorPeliculas\Server\BlazorPeliculas.Server.csproj", "{1EC9456B-A2A6-4358-A861-D7970F8332B3}"
EndProject
Project("{9A19103F-16F7-4668-BE54-9A1E7A4F7556}") = "BlazorPeliculas.Client", "BlazorPeliculas\Client\BlazorPeliculas.Client.csproj", "{1B141596-52BA-484C-BF09-D8703673D23F}"
EndProject
Project("{9A19103F-16F7-4668-BE54-9A1E7A4F7556}") = "BlazorPeliculas.Shared", "BlazorPeliculas\Shared\BlazorPeliculas.Shared.csproj", "{1CE1D443-AD5E-4891-BAA3-394726FA7973}"
EndProject
Global
	GlobalSection(SolutionConfigurationPlatforms) = preSolution
		Debug|Any CPU = Debug|Any CPU
		Release|Any CPU = Release|Any CPU
	EndGlobalSection
	GlobalSection(ProjectConfigurationPlatforms) = postSolution
		{1EC9456B-A2A6-4358-A861-D7970F8332B3}.Debug|Any CPU.ActiveCfg = Debug|Any CPU
		{1EC9456B-A2A6-4358-A861-D7970F8332B3}.Debug|Any CPU.Build.0 = Debug|Any CPU
		{1EC9456B-A2A6-4358-A861-D7970F8332B3}.Release|Any CPU.ActiveCfg = Release|Any CPU
		{1EC9456B-A2A6-4358-A861-D7970F8332B3}.Release|Any CPU.Build.0 = Release|Any CPU
		{1B141596-52BA-484C-BF09-D8703673D23F}.Debug|Any CPU.ActiveCfg = Debug|Any CPU
		{1B141596-52BA-484C-BF09-D8703673D23F}.Debug|Any CPU.Build.0 = Debug|Any CPU
		{1B141596-52BA-484C-BF09-D8703673D23F}.Release|Any CPU.ActiveCfg = Release|Any CPU
		{1B141596-52BA-484C-BF09-D8703673D23F}.Release|Any CPU.Build.0 = Release|Any CPU
		{1CE1D443-AD5E-4891-BAA3-394726FA7973}.Debug|Any CPU.ActiveCfg = Debug|Any CPU
		{1CE1D443-AD5E-4891-BAA3-394726FA7973}.Debug|Any CPU.Build.0 = Debug|Any CPU
		{1CE1D443-AD5E-4891-BAA3-394726FA7973}.Release|Any CPU.ActiveCfg = Release|Any CPU
		{1CE1D443-AD5E-4891-BAA3-394726FA7973}.Release|Any CPU.Build.0 = Release|Any CPU
	EndGlobalSection
	GlobalSection(SolutionProperties) = preSolution
		HideSolutionNode = FALSE
	EndGlobalSection
	GlobalSection(ExtensibilityGlobals) = postSolution
		SolutionGuid = {853D89A6-AA23-47BC-A495-881D6C193689}
	EndGlobalSection
EndGlobal
